
Microsoft Visual Studio Solution File, Format Version 12.00
# Visual Studio Version 17
VisualStudioVersion = 17.11.35431.28
MinimumVisualStudioVersion = 10.0.40219.1
Project("{888888A0-9F3D-457C-B088-3A5042F75D52}") = "PythonApplication1_cpu", "PythonApplication1_cpu.pyproj", "{736BC41C-862E-4832-9716-2C7C912ECE72}"
EndProject
Global
	GlobalSection(SolutionConfigurationPlatforms) = preSolution
		Debug|Any CPU = Debug|Any CPU
		Release|Any CPU = Release|Any CPU
	EndGlobalSection
	GlobalSection(ProjectConfigurationPlatforms) = postSolution
		{736BC41C-862E-4832-9716-2C7C912ECE72}.Debug|Any CPU.ActiveCfg = Debug|Any CPU
		{736BC41C-862E-4832-9716-2C7C912ECE72}.Release|Any CPU.ActiveCfg = Release|Any CPU
	EndGlobalSection
	GlobalSection(SolutionProperties) = preSolution
		HideSolutionNode = FALSE
	EndGlobalSection
	GlobalSection(ExtensibilityGlobals) = postSolution
		SolutionGuid = {B7760C1B-0DD4-4783-98C1-98DD293936FF}
	EndGlobalSection
EndGlobal
